// !$*UTF8*$!
{
	archiveVersion = 1;
	classes = {
	};
	objectVersion = 50;
	objects = {

/* Begin PBXBuildFile section */
		76D02446236D9868000491BC /* AppDelegate.swift in Sources */ = {isa = PBXBuildFile; fileRef = 76D02445236D9868000491BC /* AppDelegate.swift */; };
		76D02448236D9868000491BC /* SceneDelegate.swift in Sources */ = {isa = PBXBuildFile; fileRef = 76D02447236D9868000491BC /* SceneDelegate.swift */; };
		76D0244A236D9868000491BC /* ViewController.swift in Sources */ = {isa = PBXBuildFile; fileRef = 76D02449236D9868000491BC /* ViewController.swift */; };
		76D0244D236D9868000491BC /* Main.storyboard in Resources */ = {isa = PBXBuildFile; fileRef = 76D0244B236D9868000491BC /* Main.storyboard */; };
		76D0244F236D986A000491BC /* Assets.xcassets in Resources */ = {isa = PBXBuildFile; fileRef = 76D0244E236D986A000491BC /* Assets.xcassets */; };
		76D02452236D986A000491BC /* LaunchScreen.storyboard in Resources */ = {isa = PBXBuildFile; fileRef = 76D02450236D986A000491BC /* LaunchScreen.storyboard */; };
		76D0245D236D986A000491BC /* StrongGuyTests.swift in Sources */ = {isa = PBXBuildFile; fileRef = 76D0245C236D986A000491BC /* StrongGuyTests.swift */; };
		76D02468236D9C15000491BC /* HammerTableViewCell.swift in Sources */ = {isa = PBXBuildFile; fileRef = 76D02467236D9C15000491BC /* HammerTableViewCell.swift */; };
/* End PBXBuildFile section */

/* Begin PBXContainerItemProxy section */
		76D02459236D986A000491BC /* PBXContainerItemProxy */ = {
			isa = PBXContainerItemProxy;
			containerPortal = 76D0243A236D9868000491BC /* Project object */;
			proxyType = 1;
			remoteGlobalIDString = 76D02441236D9868000491BC;
			remoteInfo = StrongGuy;
		};
/* End PBXContainerItemProxy section */

/* Begin PBXFileReference section */
		76D02442236D9868000491BC /* StrongGuy.app */ = {isa = PBXFileReference; explicitFileType = wrapper.application; includeInIndex = 0; path = StrongGuy.app; sourceTree = BUILT_PRODUCTS_DIR; };
		76D02445236D9868000491BC /* AppDelegate.swift */ = {isa = PBXFileReference; lastKnownFileType = sourcecode.swift; path = AppDelegate.swift; sourceTree = "<group>"; };
		76D02447236D9868000491BC /* SceneDelegate.swift */ = {isa = PBXFileReference; lastKnownFileType = sourcecode.swift; path = SceneDelegate.swift; sourceTree = "<group>"; };
		76D02449236D9868000491BC /* ViewController.swift */ = {isa = PBXFileReference; lastKnownFileType = sourcecode.swift; path = ViewController.swift; sourceTree = "<group>"; };
		76D0244C236D9868000491BC /* Base */ = {isa = PBXFileReference; lastKnownFileType = file.storyboard; name = Base; path = Base.lproj/Main.storyboard; sourceTree = "<group>"; };
		76D0244E236D986A000491BC /* Assets.xcassets */ = {isa = PBXFileReference; lastKnownFileType = folder.assetcatalog; path = Assets.xcassets; sourceTree = "<group>"; };
		76D02451236D986A000491BC /* Base */ = {isa = PBXFileReference; lastKnownFileType = file.storyboard; name = Base; path = Base.lproj/LaunchScreen.storyboard; sourceTree = "<group>"; };
		76D02453236D986A000491BC /* Info.plist */ = {isa = PBXFileReference; lastKnownFileType = text.plist.xml; path = Info.plist; sourceTree = "<group>"; };
		76D02458236D986A000491BC /* StrongGuyTests.xctest */ = {isa = PBXFileReference; explicitFileType = wrapper.cfbundle; includeInIndex = 0; path = StrongGuyTests.xctest; sourceTree = BUILT_PRODUCTS_DIR; };
		76D0245C236D986A000491BC /* StrongGuyTests.swift */ = {isa = PBXFileReference; lastKnownFileType = sourcecode.swift; path = StrongGuyTests.swift; sourceTree = "<group>"; };
		76D0245E236D986A000491BC /* Info.plist */ = {isa = PBXFileReference; lastKnownFileType = text.plist.xml; path = Info.plist; sourceTree = "<group>"; };
		76D02467236D9C15000491BC /* HammerTableViewCell.swift */ = {isa = PBXFileReference; lastKnownFileType = sourcecode.swift; path = HammerTableViewCell.swift; sourceTree = "<group>"; };
/* End PBXFileReference section */

/* Begin PBXFrameworksBuildPhase section */
		76D0243F236D9868000491BC /* Frameworks */ = {
			isa = PBXFrameworksBuildPhase;
			buildActionMask = 2147483647;
			files = (
			);
			runOnlyForDeploymentPostprocessing = 0;
		};
		76D02455236D986A000491BC /* Frameworks */ = {
			isa = PBXFrameworksBuildPhase;
			buildActionMask = 2147483647;
			files = (
			);
			runOnlyForDeploymentPostprocessing = 0;
		};
/* End PBXFrameworksBuildPhase section */

/* Begin PBXGroup section */
		76D02439236D9868000491BC = {
			isa = PBXGroup;
			children = (
				76D02444236D9868000491BC /* StrongGuy */,
				76D0245B236D986A000491BC /* StrongGuyTests */,
				76D02443236D9868000491BC /* Products */,
			);
			sourceTree = "<group>";
		};
		76D02443236D9868000491BC /* Products */ = {
			isa = PBXGroup;
			children = (
				76D02442236D9868000491BC /* StrongGuy.app */,
				76D02458236D986A000491BC /* StrongGuyTests.xctest */,
			);
			name = Products;
			sourceTree = "<group>";
		};
		76D02444236D9868000491BC /* StrongGuy */ = {
			isa = PBXGroup;
			children = (
				76D02445236D9868000491BC /* AppDelegate.swift */,
				76D02447236D9868000491BC /* SceneDelegate.swift */,
				76D02449236D9868000491BC /* ViewController.swift */,
				76D0244B236D9868000491BC /* Main.storyboard */,
				76D02467236D9C15000491BC /* HammerTableViewCell.swift */,
				76D0244E236D986A000491BC /* Assets.xcassets */,
				76D02450236D986A000491BC /* LaunchScreen.storyboard */,
				76D02453236D986A000491BC /* Info.plist */,
			);
			path = StrongGuy;
			sourceTree = "<group>";
		};
		76D0245B236D986A000491BC /* StrongGuyTests */ = {
			isa = PBXGroup;
			children = (
				76D0245C236D986A000491BC /* StrongGuyTests.swift */,
				76D0245E236D986A000491BC /* Info.plist */,
			);
			path = StrongGuyTests;
			sourceTree = "<group>";
		};
/* End PBXGroup section */

/* Begin PBXNativeTarget section */
		76D02441236D9868000491BC /* StrongGuy */ = {
			isa = PBXNativeTarget;
			buildConfigurationList = 76D02461236D986A000491BC /* Build configuration list for PBXNativeTarget "StrongGuy" */;
			buildPhases = (
				76D0243E236D9868000491BC /* Sources */,
				76D0243F236D9868000491BC /* Frameworks */,
				76D02440236D9868000491BC /* Resources */,
			);
			buildRules = (
			);
			dependencies = (
			);
			name = StrongGuy;
			productName = StrongGuy;
			productReference = 76D02442236D9868000491BC /* StrongGuy.app */;
			productType = "com.apple.product-type.application";
		};
		76D02457236D986A000491BC /* StrongGuyTests */ = {
			isa = PBXNativeTarget;
			buildConfigurationList = 76D02464236D986A000491BC /* Build configuration list for PBXNativeTarget "StrongGuyTests" */;
			buildPhases = (
				76D02454236D986A000491BC /* Sources */,
				76D02455236D986A000491BC /* Frameworks */,
				76D02456236D986A000491BC /* Resources */,
			);
			buildRules = (
			);
			dependencies = (
				76D0245A236D986A000491BC /* PBXTargetDependency */,
			);
			name = StrongGuyTests;
			productName = StrongGuyTests;
			productReference = 76D02458236D986A000491BC /* StrongGuyTests.xctest */;
			productType = "com.apple.product-type.bundle.unit-test";
		};
/* End PBXNativeTarget section */

/* Begin PBXProject section */
		76D0243A236D9868000491BC /* Project object */ = {
			isa = PBXProject;
			attributes = {
				LastSwiftUpdateCheck = 1120;
				LastUpgradeCheck = 1120;
				ORGANIZATIONNAME = "박창현";
				TargetAttributes = {
					76D02441236D9868000491BC = {
						CreatedOnToolsVersion = 11.2;
					};
					76D02457236D986A000491BC = {
						CreatedOnToolsVersion = 11.2;
						TestTargetID = 76D02441236D9868000491BC;
					};
				};
			};
			buildConfigurationList = 76D0243D236D9868000491BC /* Build configuration list for PBXProject "StrongGuy" */;
			compatibilityVersion = "Xcode 9.3";
			developmentRegion = en;
			hasScannedForEncodings = 0;
			knownRegions = (
				en,
				Base,
			);
			mainGroup = 76D02439236D9868000491BC;
			productRefGroup = 76D02443236D9868000491BC /* Products */;
			projectDirPath = "";
			projectRoot = "";
			targets = (
				76D02441236D9868000491BC /* StrongGuy */,
				76D02457236D986A000491BC /* StrongGuyTests */,
			);
		};
/* End PBXProject section */

/* Begin PBXResourcesBuildPhase section */
		76D02440236D9868000491BC /* Resources */ = {
			isa = PBXResourcesBuildPhase;
			buildActionMask = 2147483647;
			files = (
				76D02452236D986A000491BC /* LaunchScreen.storyboard in Resources */,
				76D0244F236D986A000491BC /* Assets.xcassets in Resources */,
				76D0244D236D9868000491BC /* Main.storyboard in Resources */,
			);
			runOnlyForDeploymentPostprocessing = 0;
		};
		76D02456236D986A000491BC /* Resources */ = {
			isa = PBXResourcesBuildPhase;
			buildActionMask = 2147483647;
			files = (
			);
			runOnlyForDeploymentPostprocessing = 0;
		};
/* End PBXResourcesBuildPhase section */

/* Begin PBXSourcesBuildPhase section */
		76D0243E236D9868000491BC /* Sources */ = {
			isa = PBXSourcesBuildPhase;
			buildActionMask = 2147483647;
			files = (
				76D0244A236D9868000491BC /* ViewController.swift in Sources */,
				76D02468236D9C15000491BC /* HammerTableViewCell.swift in Sources */,
				76D02446236D9868000491BC /* AppDelegate.swift in Sources */,
				76D02448236D9868000491BC /* SceneDelegate.swift in Sources */,
			);
			runOnlyForDeploymentPostprocessing = 0;
		};
		76D02454236D986A000491BC /* Sources */ = {
			isa = PBXSourcesBuildPhase;
			buildActionMask = 2147483647;
			files = (
				76D0245D236D986A000491BC /* StrongGuyTests.swift in Sources */,
			);
			runOnlyForDeploymentPostprocessing = 0;
		};
/* End PBXSourcesBuildPhase section */

/* Begin PBXTargetDependency section */
		76D0245A236D986A000491BC /* PBXTargetDependency */ = {
			isa = PBXTargetDependency;
			target = 76D02441236D9868000491BC /* StrongGuy */;
			targetProxy = 76D02459236D986A000491BC /* PBXContainerItemProxy */;
		};
/* End PBXTargetDependency section */

/* Begin PBXVariantGroup section */
		76D0244B236D9868000491BC /* Main.storyboard */ = {
			isa = PBXVariantGroup;
			children = (
				76D0244C236D9868000491BC /* Base */,
			);
			name = Main.storyboard;
			sourceTree = "<group>";
		};
		76D02450236D986A000491BC /* LaunchScreen.storyboard */ = {
			isa = PBXVariantGroup;
			children = (
				76D02451236D986A000491BC /* Base */,
			);
			name = LaunchScreen.storyboard;
			sourceTree = "<group>";
		};
/* End PBXVariantGroup section */

/* Begin XCBuildConfiguration section */
		76D0245F236D986A000491BC /* Debug */ = {
			isa = XCBuildConfiguration;
			buildSettings = {
				ALWAYS_SEARCH_USER_PATHS = NO;
				CLANG_ANALYZER_NONNULL = YES;
				CLANG_ANALYZER_NUMBER_OBJECT_CONVERSION = YES_AGGRESSIVE;
				CLANG_CXX_LANGUAGE_STANDARD = "gnu++14";
				CLANG_CXX_LIBRARY = "libc++";
				CLANG_ENABLE_MODULES = YES;
				CLANG_ENABLE_OBJC_ARC = YES;
				CLANG_ENABLE_OBJC_WEAK = YES;
				CLANG_WARN_BLOCK_CAPTURE_AUTORELEASING = YES;
				CLANG_WARN_BOOL_CONVERSION = YES;
				CLANG_WARN_COMMA = YES;
				CLANG_WARN_CONSTANT_CONVERSION = YES;
				CLANG_WARN_DEPRECATED_OBJC_IMPLEMENTATIONS = YES;
				CLANG_WARN_DIRECT_OBJC_ISA_USAGE = YES_ERROR;
				CLANG_WARN_DOCUMENTATION_COMMENTS = YES;
				CLANG_WARN_EMPTY_BODY = YES;
				CLANG_WARN_ENUM_CONVERSION = YES;
				CLANG_WARN_INFINITE_RECURSION = YES;
				CLANG_WARN_INT_CONVERSION = YES;
				CLANG_WARN_NON_LITERAL_NULL_CONVERSION = YES;
				CLANG_WARN_OBJC_IMPLICIT_RETAIN_SELF = YES;
				CLANG_WARN_OBJC_LITERAL_CONVERSION = YES;
				CLANG_WARN_OBJC_ROOT_CLASS = YES_ERROR;
				CLANG_WARN_RANGE_LOOP_ANALYSIS = YES;
				CLANG_WARN_STRICT_PROTOTYPES = YES;
				CLANG_WARN_SUSPICIOUS_MOVE = YES;
				CLANG_WARN_UNGUARDED_AVAILABILITY = YES_AGGRESSIVE;
				CLANG_WARN_UNREACHABLE_CODE = YES;
				CLANG_WARN__DUPLICATE_METHOD_MATCH = YES;
				COPY_PHASE_STRIP = NO;
				DEBUG_INFORMATION_FORMAT = dwarf;
				ENABLE_STRICT_OBJC_MSGSEND = YES;
				ENABLE_TESTABILITY = YES;
				GCC_C_LANGUAGE_STANDARD = gnu11;
				GCC_DYNAMIC_NO_PIC = NO;
				GCC_NO_COMMON_BLOCKS = YES;
				GCC_OPTIMIZATION_LEVEL = 0;
				GCC_PREPROCESSOR_DEFINITIONS = (
					"DEBUG=1",
					"$(inherited)",
				);
				GCC_WARN_64_TO_32_BIT_CONVERSION = YES;
				GCC_WARN_ABOUT_RETURN_TYPE = YES_ERROR;
				GCC_WARN_UNDECLARED_SELECTOR = YES;
				GCC_WARN_UNINITIALIZED_AUTOS = YES_AGGRESSIVE;
				GCC_WARN_UNUSED_FUNCTION = YES;
				GCC_WARN_UNUSED_VARIABLE = YES;
				IPHONEOS_DEPLOYMENT_TARGET = 13.2;
				MTL_ENABLE_DEBUG_INFO = INCLUDE_SOURCE;
				MTL_FAST_MATH = YES;
				ONLY_ACTIVE_ARCH = YES;
				SDKROOT = iphoneos;
				SWIFT_ACTIVE_COMPILATION_CONDITIONS = DEBUG;
				SWIFT_OPTIMIZATION_LEVEL = "-Onone";
			};
			name = Debug;
		};
		76D02460236D986A000491BC /* Release */ = {
			isa = XCBuildConfiguration;
			buildSettings = {
				ALWAYS_SEARCH_USER_PATHS = NO;
				CLANG_ANALYZER_NONNULL = YES;
				CLANG_ANALYZER_NUMBER_OBJECT_CONVERSION = YES_AGGRESSIVE;
				CLANG_CXX_LANGUAGE_STANDARD = "gnu++14";
				CLANG_CXX_LIBRARY = "libc++";
				CLANG_ENABLE_MODULES = YES;
				CLANG_ENABLE_OBJC_ARC = YES;
				CLANG_ENABLE_OBJC_WEAK = YES;
				CLANG_WARN_BLOCK_CAPTURE_AUTORELEASING = YES;
				CLANG_WARN_BOOL_CONVERSION = YES;
				CLANG_WARN_COMMA = YES;
				CLANG_WARN_CONSTANT_CONVERSION = YES;
				CLANG_WARN_DEPRECATED_OBJC_IMPLEMENTATIONS = YES;
				CLANG_WARN_DIRECT_OBJC_ISA_USAGE = YES_ERROR;
				CLANG_WARN_DOCUMENTATION_COMMENTS = YES;
				CLANG_WARN_EMPTY_BODY = YES;
				CLANG_WARN_ENUM_CONVERSION = YES;
				CLANG_WARN_INFINITE_RECURSION = YES;
				CLANG_WARN_INT_CONVERSION = YES;
				CLANG_WARN_NON_LITERAL_NULL_CONVERSION = YES;
				CLANG_WARN_OBJC_IMPLICIT_RETAIN_SELF = YES;
				CLANG_WARN_OBJC_LITERAL_CONVERSION = YES;
				CLANG_WARN_OBJC_ROOT_CLASS = YES_ERROR;
				CLANG_WARN_RANGE_LOOP_ANALYSIS = YES;
				CLANG_WARN_STRICT_PROTOTYPES = YES;
				CLANG_WARN_SUSPICIOUS_MOVE = YES;
				CLANG_WARN_UNGUARDED_AVAILABILITY = YES_AGGRESSIVE;
				CLANG_WARN_UNREACHABLE_CODE = YES;
				CLANG_WARN__DUPLICATE_METHOD_MATCH = YES;
				COPY_PHASE_STRIP = NO;
				DEBUG_INFORMATION_FORMAT = "dwarf-with-dsym";
				ENABLE_NS_ASSERTIONS = NO;
				ENABLE_STRICT_OBJC_MSGSEND = YES;
				GCC_C_LANGUAGE_STANDARD = gnu11;
				GCC_NO_COMMON_BLOCKS = YES;
				GCC_WARN_64_TO_32_BIT_CONVERSION = YES;
				GCC_WARN_ABOUT_RETURN_TYPE = YES_ERROR;
				GCC_WARN_UNDECLARED_SELECTOR = YES;
				GCC_WARN_UNINITIALIZED_AUTOS = YES_AGGRESSIVE;
				GCC_WARN_UNUSED_FUNCTION = YES;
				GCC_WARN_UNUSED_VARIABLE = YES;
				IPHONEOS_DEPLOYMENT_TARGET = 13.2;
				MTL_ENABLE_DEBUG_INFO = NO;
				MTL_FAST_MATH = YES;
				SDKROOT = iphoneos;
				SWIFT_COMPILATION_MODE = wholemodule;
				SWIFT_OPTIMIZATION_LEVEL = "-O";
				VALIDATE_PRODUCT = YES;
			};
			name = Release;
		};
		76D02462236D986A000491BC /* Debug */ = {
			isa = XCBuildConfiguration;
			buildSettings = {
				ASSETCATALOG_COMPILER_APPICON_NAME = AppIcon;
				CODE_SIGN_STYLE = Automatic;
				DEVELOPMENT_TEAM = 6GJ2BV3W99;
				INFOPLIST_FILE = StrongGuy/Info.plist;
				IPHONEOS_DEPLOYMENT_TARGET = 13.1;
				LD_RUNPATH_SEARCH_PATHS = (
					"$(inherited)",
					"@executable_path/Frameworks",
				);
				PRODUCT_BUNDLE_IDENTIFIER = com.example.StrongGuy;
				PRODUCT_NAME = "$(TARGET_NAME)";
				SWIFT_VERSION = 5.0;
				TARGETED_DEVICE_FAMILY = "1,2";
			};
			name = Debug;
		};
		76D02463236D986A000491BC /* Release */ = {
			isa = XCBuildConfiguration;
			buildSettings = {
				ASSETCATALOG_COMPILER_APPICON_NAME = AppIcon;
				CODE_SIGN_STYLE = Automatic;
				DEVELOPMENT_TEAM = 6GJ2BV3W99;
				INFOPLIST_FILE = StrongGuy/Info.plist;
				IPHONEOS_DEPLOYMENT_TARGET = 13.1;
				LD_RUNPATH_SEARCH_PATHS = (
					"$(inherited)",
					"@executable_path/Frameworks",
				);
				PRODUCT_BUNDLE_IDENTIFIER = com.example.StrongGuy;
				PRODUCT_NAME = "$(TARGET_NAME)";
				SWIFT_VERSION = 5.0;
				TARGETED_DEVICE_FAMILY = "1,2";
			};
			name = Release;
		};
		76D02465236D986A000491BC /* Debug */ = {
			isa = XCBuildConfiguration;
			buildSettings = {
				ALWAYS_EMBED_SWIFT_STANDARD_LIBRARIES = YES;
				BUNDLE_LOADER = "$(TEST_HOST)";
				CODE_SIGN_STYLE = Automatic;
				DEVELOPMENT_TEAM = 6GJ2BV3W99;
				INFOPLIST_FILE = StrongGuyTests/Info.plist;
				IPHONEOS_DEPLOYMENT_TARGET = 13.2;
				LD_RUNPATH_SEARCH_PATHS = (
					"$(inherited)",
					"@executable_path/Frameworks",
					"@loader_path/Frameworks",
				);
				PRODUCT_BUNDLE_IDENTIFIER = com.example.StrongGuyTests;
				PRODUCT_NAME = "$(TARGET_NAME)";
				SWIFT_VERSION = 5.0;
				TARGETED_DEVICE_FAMILY = "1,2";
				TEST_HOST = "$(BUILT_PRODUCTS_DIR)/StrongGuy.app/StrongGuy";
			};
			name = Debug;
		};
		76D02466236D986A000491BC /* Release */ = {
			isa = XCBuildConfiguration;
			buildSettings = {
				ALWAYS_EMBED_SWIFT_STANDARD_LIBRARIES = YES;
				BUNDLE_LOADER = "$(TEST_HOST)";
				CODE_SIGN_STYLE = Automatic;
				DEVELOPMENT_TEAM = 6GJ2BV3W99;
				INFOPLIST_FILE = StrongGuyTests/Info.plist;
				IPHONEOS_DEPLOYMENT_TARGET = 13.2;
				LD_RUNPATH_SEARCH_PATHS = (
					"$(inherited)",
					"@executable_path/Frameworks",
					"@loader_path/Frameworks",
				);
				PRODUCT_BUNDLE_IDENTIFIER = com.example.StrongGuyTests;
				PRODUCT_NAME = "$(TARGET_NAME)";
				SWIFT_VERSION = 5.0;
				TARGETED_DEVICE_FAMILY = "1,2";
				TEST_HOST = "$(BUILT_PRODUCTS_DIR)/StrongGuy.app/StrongGuy";
			};
			name = Release;
		};
/* End XCBuildConfiguration section */

/* Begin XCConfigurationList section */
		76D0243D236D9868000491BC /* Build configuration list for PBXProject "StrongGuy" */ = {
			isa = XCConfigurationList;
			buildConfigurations = (
				76D0245F236D986A000491BC /* Debug */,
				76D02460236D986A000491BC /* Release */,
			);
			defaultConfigurationIsVisible = 0;
			defaultConfigurationName = Release;
		};
		76D02461236D986A000491BC /* Build configuration list for PBXNativeTarget "StrongGuy" */ = {
			isa = XCConfigurationList;
			buildConfigurations = (
				76D02462236D986A000491BC /* Debug */,
				76D02463236D986A000491BC /* Release */,
			);
			defaultConfigurationIsVisible = 0;
			defaultConfigurationName = Release;
		};
		76D02464236D986A000491BC /* Build configuration list for PBXNativeTarget "StrongGuyTests" */ = {
			isa = XCConfigurationList;
			buildConfigurations = (
				76D02465236D986A000491BC /* Debug */,
				76D02466236D986A000491BC /* Release */,
			);
			defaultConfigurationIsVisible = 0;
			defaultConfigurationName = Release;
		};
/* End XCConfigurationList section */
	};
	rootObject = 76D0243A236D9868000491BC /* Project object */;
}
